
Microsoft Visual Studio Solution File, Format Version 12.00
# Visual Studio 15
VisualStudioVersion = 15.0.28307.329
MinimumVisualStudioVersion = 10.0.40219.1
Project("{9A19103F-16F7-4668-BE54-9A1E7A4F7556}") = "1fichier.SDK", "1fichier.SDK\1fichier.SDK.csproj", "{EFE75513-06B5-4FF8-94CE-FE10909E02F1}"
EndProject
Project("{9A19103F-16F7-4668-BE54-9A1E7A4F7556}") = "1fichier.SDK.Test", "1fichier.SDK.Test\1fichier.SDK.Test.csproj", "{6F3C3F24-626A-4533-A95F-B23A70C57DFC}"
EndProject
Project("{2150E333-8FDC-42A3-9474-1A3956D46DE8}") = "Solution Items", "Solution Items", "{B5130C47-C9BE-4138-A816-561B8EE62259}"
	ProjectSection(SolutionItems) = preProject
		appveyor.yml = appveyor.yml
		README.md = README.md
	EndProjectSection
EndProject
Global
	GlobalSection(SolutionConfigurationPlatforms) = preSolution
		Debug|Any CPU = Debug|Any CPU
		Release|Any CPU = Release|Any CPU
	EndGlobalSection
	GlobalSection(ProjectConfigurationPlatforms) = postSolution
		{EFE75513-06B5-4FF8-94CE-FE10909E02F1}.Debug|Any CPU.ActiveCfg = Debug|Any CPU
		{EFE75513-06B5-4FF8-94CE-FE10909E02F1}.Debug|Any CPU.Build.0 = Debug|Any CPU
		{EFE75513-06B5-4FF8-94CE-FE10909E02F1}.Release|Any CPU.ActiveCfg = Release|Any CPU
		{EFE75513-06B5-4FF8-94CE-FE10909E02F1}.Release|Any CPU.Build.0 = Release|Any CPU
		{6F3C3F24-626A-4533-A95F-B23A70C57DFC}.Debug|Any CPU.ActiveCfg = Debug|Any CPU
		{6F3C3F24-626A-4533-A95F-B23A70C57DFC}.Debug|Any CPU.Build.0 = Debug|Any CPU
		{6F3C3F24-626A-4533-A95F-B23A70C57DFC}.Release|Any CPU.ActiveCfg = Release|Any CPU
		{6F3C3F24-626A-4533-A95F-B23A70C57DFC}.Release|Any CPU.Build.0 = Release|Any CPU
	EndGlobalSection
	GlobalSection(SolutionProperties) = preSolution
		HideSolutionNode = FALSE
	EndGlobalSection
	GlobalSection(ExtensibilityGlobals) = postSolution
		SolutionGuid = {654797DF-CD50-44DF-914E-F34CDBC48AAC}
	EndGlobalSection
EndGlobal
